{
    "_readme": [
        "This file locks the dependencies of your project to a known state",
        "Read more about it at https://getcomposer.org/doc/01-basic-usage.md#installing-dependencies",
        "This file is @generated automatically"
    ],
    "content-hash": "748fc35a24ec8e429cab3da9517c68fe",
    "packages": [
        {
            "name": "adaiasmagdiel/erlenmeyer",
            "version": "v5.0.0",
            "source": {
                "type": "git",
                "url": "https://github.com/AdaiasMagdiel/erlenmeyer.git",
                "reference": "31141986506a02127f6ba1f95156787dbe5cf0b3"
            },
            "dist": {
                "type": "zip",
                "url": "https://api.github.com/repos/AdaiasMagdiel/erlenmeyer/zipball/31141986506a02127f6ba1f95156787dbe5cf0b3",
                "reference": "31141986506a02127f6ba1f95156787dbe5cf0b3",
                "shasum": ""
            },
            "require": {
                "ext-json": "*",
                "ext-mbstring": "*",
                "php": "^8.1"
            },
            "require-dev": {
                "pestphp/pest": "^3.8"
            },
            "type": "library",
            "autoload": {
                "psr-4": {
                    "AdaiasMagdiel\\Erlenmeyer\\": "app/"
                }
            },
            "notification-url": "https://packagist.org/downloads/",
            "license": [
                "GPL-3.0-only"
            ],
            "authors": [
                {
                    "name": "Adaías Magdiel",
                    "email": "adaiasmagdiell@gmail.com"
                }
            ],
            "description": "Erlenmeyer is a lightweight PHP framework designed to create web applications simply and efficiently.",
            "support": {
                "issues": "https://github.com/AdaiasMagdiel/erlenmeyer/issues",
                "source": "https://github.com/AdaiasMagdiel/erlenmeyer/tree/v5.0.0"
            },
            "time": "2026-01-20T20:59:32+00:00"
        },
        {
            "name": "adaiasmagdiel/rubik",
            "version": "v6.0.0",
            "source": {
                "type": "git",
                "url": "https://github.com/AdaiasMagdiel/rubik-orm.git",
                "reference": "e58aad7afdf8bafebc2755dc58cf7468d6d2a735"
            },
            "dist": {
                "type": "zip",
                "url": "https://api.github.com/repos/AdaiasMagdiel/rubik-orm/zipball/e58aad7afdf8bafebc2755dc58cf7468d6d2a735",
                "reference": "e58aad7afdf8bafebc2755dc58cf7468d6d2a735",
                "shasum": ""
            },
            "require": {
                "ext-pdo": "*",
                "php": ">=8.1"
            },
            "require-dev": {
                "pestphp/pest": "^3.7"
            },
            "type": "library",
            "autoload": {
                "psr-4": {
                    "AdaiasMagdiel\\Rubik\\": "src/"
                }
            },
            "notification-url": "https://packagist.org/downloads/",
            "license": [
                "GPL-3.0-only"
            ],
            "authors": [
                {
                    "name": "Adaías Magdiel",
                    "email": "adaiasmagdiell@gmail.com"
                }
            ],
            "description": "A lightweight and intuitive ORM for PHP with support for SQLite and MySQL/MariaDB.",
            "support": {
                "issues": "https://github.com/AdaiasMagdiel/rubik-orm/issues",
                "source": "https://github.com/AdaiasMagdiel/rubik-orm/tree/v6.0.0"
            },
            "time": "2026-01-21T22:45:12+00:00"
        }
    ],
    "packages-dev": [],
    "aliases": [],
    "minimum-stability": "stable",
    "stability-flags": {},
    "prefer-stable": false,
    "prefer-lowest": false,
    "platform": {},
    "platform-dev": {},
    "plugin-api-version": "2.6.0"
}
